{
  "version": "4",
  "specifiers": {
    "jsr:@david/which-runtime@~0.2.1": "0.2.1",
    "jsr:@fedify/botkit@~0.1.1": "0.1.1",
    "jsr:@fedify/fedify@^1.4.0": "1.5.0",
    "jsr:@fedify/fedify@^1.5.0": "1.5.0",
    "jsr:@fedify/markdown-it-hashtag@0.3": "0.3.0",
    "jsr:@fedify/markdown-it-mention@0.2": "0.2.0",
    "jsr:@hongminhee/x-forwarded-fetch@0.2": "0.2.0",
    "jsr:@hono/hono@^4.6.18": "4.7.5",
    "jsr:@hugoalh/http-header-link@^1.0.2": "1.0.3",
    "jsr:@hugoalh/is-string-singleline@^1.0.4": "1.0.4",
    "jsr:@logtape/logtape@0.8": "0.8.2",
    "jsr:@logtape/logtape@~0.8.2": "0.8.2",
    "jsr:@maxim-mazurok/sax-ts@1.2.13": "1.2.13",
    "jsr:@std/async@^1.0.5": "1.0.12",
    "jsr:@std/bytes@^1.0.2": "1.0.5",
    "jsr:@std/dotenv@*": "0.225.3",
    "jsr:@std/encoding@1.0.7": "1.0.7",
    "jsr:@std/html@0.224": "0.224.2",
    "jsr:@std/html@^1.0.3": "1.0.3",
    "jsr:@std/http@^1.0.6": "1.0.13",
    "jsr:@std/semver@^1.0.3": "1.0.4",
    "jsr:@std/uuid@^1.0.4": "1.0.6",
    "npm:@multiformats/base-x@^4.0.1": "4.0.1",
    "npm:@opentelemetry/api@^1.9.0": "1.9.0",
    "npm:@opentelemetry/semantic-conventions@^1.27.0": "1.30.0",
    "npm:@phensley/language-tag@^1.9.0": "1.10.2",
    "npm:@phensley/language-tag@^1.9.2": "1.10.2",
    "npm:@types/markdown-it@^14.1.1": "14.1.2",
    "npm:asn1js@^3.0.5": "3.0.6",
    "npm:json-canon@^1.0.1": "1.0.1",
    "npm:jsonld@^8.3.2": "8.3.3",
    "npm:markdown-it@^14.1.0": "14.1.0",
    "npm:multicodec@^3.2.1": "3.2.1",
    "npm:pkijs@^3.2.4": "3.2.5",
    "npm:uri-template-router@^0.0.17": "0.0.17",
    "npm:url-template@^3.1.1": "3.1.1",
    "npm:xss@^1.0.15": "1.0.15"
  },
  "jsr": {
    "@david/which-runtime@0.2.1": {
      "integrity": "2a304e36b1122ebfe384d45de8fe0fb2bfe54a0a5a2a596efbfc81f54a47a62d"
    },
    "@fedify/botkit@0.1.1": {
      "integrity": "086f55232ecc5f5c0cfb94b0bff99b8fbd527b5dc3a68e4e84a7f1fbc6fd8264",
      "dependencies": [
        "jsr:@fedify/fedify@^1.4.0",
        "jsr:@fedify/markdown-it-hashtag",
        "jsr:@fedify/markdown-it-mention",
        "jsr:@hongminhee/x-forwarded-fetch",
        "jsr:@hono/hono",
        "jsr:@logtape/logtape@0.8",
        "jsr:@std/html@^1.0.3",
        "jsr:@std/uuid",
        "npm:@phensley/language-tag@^1.9.2",
        "npm:markdown-it",
        "npm:xss"
      ]
    },
    "@fedify/fedify@1.5.0": {
      "integrity": "1060187549eaefc36f6fbb71bce725894199fcf73a231e785b9213b101f55504",
      "dependencies": [
        "jsr:@david/which-runtime",
        "jsr:@hugoalh/http-header-link",
        "jsr:@logtape/logtape@~0.8.2",
        "jsr:@std/async",
        "jsr:@std/bytes",
        "jsr:@std/encoding",
        "jsr:@std/http",
        "jsr:@std/semver",
        "npm:@multiformats/base-x",
        "npm:@opentelemetry/api",
        "npm:@opentelemetry/semantic-conventions",
        "npm:@phensley/language-tag@^1.9.0",
        "npm:asn1js",
        "npm:json-canon",
        "npm:jsonld",
        "npm:multicodec",
        "npm:pkijs",
        "npm:uri-template-router",
        "npm:url-template"
      ]
    },
    "@fedify/markdown-it-hashtag@0.3.0": {
      "integrity": "0f4ebe15d0da2a1d1fe9ad74209811b6aa409e5cd1539b7934fc7ae5f7c88207",
      "dependencies": [
        "jsr:@std/html@0.224",
        "npm:@types/markdown-it"
      ]
    },
    "@fedify/markdown-it-mention@0.2.0": {
      "integrity": "98706e8dfafb0ce45c781e2e7162400be4d9c71f80c5a1671d7209086b9ba6a3",
      "dependencies": [
        "jsr:@std/html@0.224",
        "npm:@types/markdown-it"
      ]
    },
    "@hongminhee/x-forwarded-fetch@0.2.0": {
      "integrity": "8a347e061974e07b480e9461c7d84047e12e92c462fe7679a6f0f59b5c5f48d5"
    },
    "@hono/hono@4.7.5": {
      "integrity": "36a7e1b3db8a58e5dc2bd36a76be53346f0966e04c24c635c4d6f58875575b0a"
    },
    "@hugoalh/http-header-link@1.0.3": {
      "integrity": "3372096a73d755e3351f7fbd7155db7725874c2682a594a655580e3866563024",
      "dependencies": [
        "jsr:@hugoalh/is-string-singleline"
      ]
    },
    "@hugoalh/is-string-singleline@1.0.4": {
      "integrity": "b283396a7b1a1c9777c42560f657a5b13b0dee486282cce87f3c41a9e5796a66"
    },
    "@logtape/logtape@0.8.2": {
      "integrity": "e2ae1fc2561e8d010359b9894efb39bdb559dae44f5824540cbb26a78eee36bc"
    },
    "@maxim-mazurok/sax-ts@1.2.13": {
      "integrity": "9f2f9a3ac1b142400940a4c9e916656fe63d4710a78102aeb8e08e863de2c76d"
    },
    "@std/async@1.0.12": {
      "integrity": "d1bfcec459e8012846fe4e38dfc4241ab23240ecda3d8d6dfcf6d81a632e803d"
    },
    "@std/bytes@1.0.5": {
      "integrity": "4465dd739d7963d964c809202ebea6d5c6b8e3829ef25c6a224290fbb8a1021e"
    },
    "@std/dotenv@0.225.3": {
      "integrity": "a95e5b812c27b0854c52acbae215856d9cce9d4bbf774d938c51d212711e8d4a"
    },
    "@std/encoding@1.0.7": {
      "integrity": "f631247c1698fef289f2de9e2a33d571e46133b38d042905e3eac3715030a82d"
    },
    "@std/html@0.224.2": {
      "integrity": "2f7bfd71081fad988af9ce991750ed1574917dc8e6fae0e151987ea020d1e21a"
    },
    "@std/html@1.0.3": {
      "integrity": "7a0ac35e050431fb49d44e61c8b8aac1ebd55937e0dc9ec6409aa4bab39a7988"
    },
    "@std/http@1.0.13": {
      "integrity": "d29618b982f7ae44380111f7e5b43da59b15db64101198bb5f77100d44eb1e1e"
    },
    "@std/semver@1.0.4": {
      "integrity": "a62af791917d8fd6c48d6ebbb872f83fad3fc6671ffadbbd39ea229c2d34d175"
    },
    "@std/uuid@1.0.6": {
      "integrity": "f3ca728cad488a4bed271974e43721c379ad25a0ae17be7967edee036beba9c5"
    }
  },
  "npm": {
    "@digitalbazaar/http-client@3.4.1_ky@0.33.3": {
      "integrity": "sha512-Ahk1N+s7urkgj7WvvUND5f8GiWEPfUw0D41hdElaqLgu8wZScI8gdI0q+qWw5N1d35x7GCRH2uk9mi+Uzo9M3g==",
      "dependencies": [
        "ky",
        "ky-universal",
        "undici"
      ]
    },
    "@fastify/busboy@2.1.1": {
      "integrity": "sha512-vBZP4NlzfOlerQTnba4aqZoMhE/a9HY7HRqoOPaETQcSQuWEIyZMHGfVu6w9wGtGK5fED5qRs2DteVCjOH60sA=="
    },
    "@multiformats/base-x@4.0.1": {
      "integrity": "sha512-eMk0b9ReBbV23xXU693TAIrLyeO5iTgBZGSJfpqriG8UkYvr/hC9u9pyMlAakDNHWmbhMZCDs6KQO0jzKD8OTw=="
    },
    "@noble/hashes@1.7.1": {
      "integrity": "sha512-B8XBPsn4vT/KJAGqDzbwztd+6Yte3P4V7iafm24bxgDe/mlRuK6xmWPuCNrKt2vDafZ8MfJLlchDG/vYafQEjQ=="
    },
    "@opentelemetry/api@1.9.0": {
      "integrity": "sha512-3giAOQvZiH5F9bMlMiv8+GSPMeqg0dbaeo58/0SlA9sxSqZhnUtxzX9/2FzyhS9sWQf5S0GJE0AKBrFqjpeYcg=="
    },
    "@opentelemetry/semantic-conventions@1.30.0": {
      "integrity": "sha512-4VlGgo32k2EQ2wcCY3vEU28A0O13aOtHz3Xt2/2U5FAh9EfhD6t6DqL5Z6yAnRCntbTFDU4YfbpyzSlHNWycPw=="
    },
    "@phensley/language-tag@1.10.2": {
      "integrity": "sha512-Xdui/GVDztdYb9oGzysHRRnakD9FKJIRIRTYvq5SoeGmglAgtDXOLEAm+yTMl8sqMr6AdVCz3/kH7F9wNeGnSQ==",
      "dependencies": [
        "tslib"
      ]
    },
    "@types/linkify-it@5.0.0": {
      "integrity": "sha512-sVDA58zAw4eWAffKOaQH5/5j3XeayukzDk+ewSsnv3p4yJEZHCCzMDiZM8e0OUrRvmpGZ85jf4yDHkHsgBNr9Q=="
    },
    "@types/markdown-it@14.1.2": {
      "integrity": "sha512-promo4eFwuiW+TfGxhi+0x3czqTYJkG8qB17ZUJiVF10Xm7NLVRSLUsfRTU/6h1e24VvRnXCx+hG7li58lkzog==",
      "dependencies": [
        "@types/linkify-it",
        "@types/mdurl"
      ]
    },
    "@types/mdurl@2.0.0": {
      "integrity": "sha512-RGdgjQUZba5p6QEFAVx2OGb8rQDL/cPRG7GiedRzMcJ1tYnUANBncjbSB1NRGwbvjcPeikRABz2nshyPk1bhWg=="
    },
    "abort-controller@3.0.0": {
      "integrity": "sha512-h8lQ8tacZYnR3vNQTgibj+tODHI5/+l06Au2Pcriv/Gmet0eaj4TwWH41sO9wnHDiQsEj19q0drzdWdeAHtweg==",
      "dependencies": [
        "event-target-shim"
      ]
    },
    "argparse@2.0.1": {
      "integrity": "sha512-8+9WqebbFzpX9OR+Wa6O29asIogeRMzcGtAINdpMHHyAg10f05aSFVBbcEqGf/PXw1EjAZ+q2/bEBg3DvurK3Q=="
    },
    "asn1js@3.0.6": {
      "integrity": "sha512-UOCGPYbl0tv8+006qks/dTgV9ajs97X2p0FAbyS2iyCRrmLSRolDaHdp+v/CLgnzHc3fVB+CwYiUmei7ndFcgA==",
      "dependencies": [
        "pvtsutils",
        "pvutils",
        "tslib"
      ]
    },
    "bytestreamjs@2.0.1": {
      "integrity": "sha512-U1Z/ob71V/bXfVABvNr/Kumf5VyeQRBEm6Txb0PQ6S7V5GpBM3w4Cbqz/xPDicR5tN0uvDifng8C+5qECeGwyQ=="
    },
    "canonicalize@1.0.8": {
      "integrity": "sha512-0CNTVCLZggSh7bc5VkX5WWPWO+cyZbNd07IHIsSXLia/eAq+r836hgk+8BKoEh7949Mda87VUOitx5OddVj64A=="
    },
    "commander@2.20.3": {
      "integrity": "sha512-GpVkmM8vF2vQUkj2LvZmD35JxeJOLCwJ9cUkugyk2nuhbv3+mJvpLYYt+0+USMxE+oj+ey/lJEnhZw75x/OMcQ=="
    },
    "cssfilter@0.0.10": {
      "integrity": "sha512-FAaLDaplstoRsDR8XGYH51znUN0UY7nMc6Z9/fvE8EXGwvJE9hu7W2vHwx1+bd6gCYnln9nLbzxFTrcO9YQDZw=="
    },
    "data-uri-to-buffer@4.0.1": {
      "integrity": "sha512-0R9ikRb668HB7QDxT1vkpuUBtqc53YyAwMwGeUFKRojY/NWKvdZ+9UYtRfGmhqNbRkTSVpMbmyhXipFFv2cb/A=="
    },
    "entities@4.5.0": {
      "integrity": "sha512-V0hjH4dGPh9Ao5p0MoRY6BVqtwCjhz6vI5LT8AJ55H+4g9/4vbHx1I54fS0XuclLhDHArPQCiMjDxjaL8fPxhw=="
    },
    "event-target-shim@5.0.1": {
      "integrity": "sha512-i/2XbnSz/uxRCU6+NdVJgKWDTM427+MqYbkQzD321DuCQJUqOuJKIA0IM2+W2xtYHdKOmZ4dR6fExsd4SXL+WQ=="
    },
    "fetch-blob@3.2.0": {
      "integrity": "sha512-7yAQpD2UMJzLi1Dqv7qFYnPbaPx7ZfFK6PiIxQ4PfkGPyNyl2Ugx+a/umUonmKqjhM4DnfbMvdX6otXq83soQQ==",
      "dependencies": [
        "node-domexception",
        "web-streams-polyfill"
      ]
    },
    "formdata-polyfill@4.0.10": {
      "integrity": "sha512-buewHzMvYL29jdeQTVILecSaZKnt/RJWjoZCF5OW60Z67/GmSLBkOFM7qh1PI3zFNtJbaZL5eQu1vLfazOwj4g==",
      "dependencies": [
        "fetch-blob"
      ]
    },
    "json-canon@1.0.1": {
      "integrity": "sha512-PQcj4PFOTAQxE8PgoQ4KrM0DcKWZd7S3ELOON8rmysl9I8JuFMgxu1H9v+oZsTPjjkpeS3IHPwLjr7d+gKygnw=="
    },
    "jsonld@8.3.3": {
      "integrity": "sha512-9YcilrF+dLfg9NTEof/mJLMtbdX1RJ8dbWtJgE00cMOIohb1lIyJl710vFiTaiHTl6ZYODJuBd32xFvUhmv3kg==",
      "dependencies": [
        "@digitalbazaar/http-client",
        "canonicalize",
        "lru-cache",
        "rdf-canonize"
      ]
    },
    "ky-universal@0.11.0_ky@0.33.3": {
      "integrity": "sha512-65KyweaWvk+uKKkCrfAf+xqN2/epw1IJDtlyCPxYffFCMR8u1sp2U65NtWpnozYfZxQ6IUzIlvUcw+hQ82U2Xw==",
      "dependencies": [
        "abort-controller",
        "ky",
        "node-fetch"
      ]
    },
    "ky@0.33.3": {
      "integrity": "sha512-CasD9OCEQSFIam2U8efFK81Yeg8vNMTBUqtMOHlrcWQHqUX3HeCl9Dr31u4toV7emlH8Mymk5+9p0lL6mKb/Xw=="
    },
    "linkify-it@5.0.0": {
      "integrity": "sha512-5aHCbzQRADcdP+ATqnDuhhJ/MRIqDkZX5pyjFHRRysS8vZ5AbqGEoFIb6pYHPZ+L/OC2Lc+xT8uHVVR5CAK/wQ==",
      "dependencies": [
        "uc.micro"
      ]
    },
    "lru-cache@6.0.0": {
      "integrity": "sha512-Jo6dJ04CmSjuznwJSS3pUeWmd/H0ffTlkXXgwZi+eq1UCmqQwCh+eLsYOYCwY991i2Fah4h1BEMCx4qThGbsiA==",
      "dependencies": [
        "yallist"
      ]
    },
    "markdown-it@14.1.0": {
      "integrity": "sha512-a54IwgWPaeBCAAsv13YgmALOF1elABB08FxO9i+r4VFk5Vl4pKokRPeX8u5TCgSsPi6ec1otfLjdOpVcgbpshg==",
      "dependencies": [
        "argparse",
        "entities",
        "linkify-it",
        "mdurl",
        "punycode.js",
        "uc.micro"
      ]
    },
    "mdurl@2.0.0": {
      "integrity": "sha512-Lf+9+2r+Tdp5wXDXC4PcIBjTDtq4UKjCPMQhKIuzpJNW0b96kVqSwW0bT7FhRSfmAiFYgP+SCRvdrDozfh0U5w=="
    },
    "multicodec@3.2.1": {
      "integrity": "sha512-+expTPftro8VAW8kfvcuNNNBgb9gPeNYV9dn+z1kJRWF2vih+/S79f2RVeIwmrJBUJ6NT9IUPWnZDQvegEh5pw==",
      "dependencies": [
        "uint8arrays",
        "varint"
      ]
    },
    "multiformats@9.9.0": {
      "integrity": "sha512-HoMUjhH9T8DDBNT+6xzkrd9ga/XiBI4xLr58LJACwK6G3HTOPeMz4nB4KJs33L2BelrIJa7P0VuNaVF3hMYfjg=="
    },
    "node-domexception@1.0.0": {
      "integrity": "sha512-/jKZoMpw0F8GRwl4/eLROPA3cfcXtLApP0QzLmUT/HuPCZWyB7IY9ZrMeKw2O/nFIqPQB3PVM9aYm0F312AXDQ=="
    },
    "node-fetch@3.3.2": {
      "integrity": "sha512-dRB78srN/l6gqWulah9SrxeYnxeddIG30+GOqK/9OlLVyLg3HPnr6SqOWTWOXKRwC2eGYCkZ59NNuSgvSrpgOA==",
      "dependencies": [
        "data-uri-to-buffer",
        "fetch-blob",
        "formdata-polyfill"
      ]
    },
    "pkijs@3.2.5": {
      "integrity": "sha512-WX0la7n7CbnguuaIQoT4Fc0IJckPDOUldzOwlZ0nwpOcySS+Six/tXBdc0RX17J5o1To0SAr3xDJjDLsOfDFQA==",
      "dependencies": [
        "@noble/hashes",
        "asn1js",
        "bytestreamjs",
        "pvtsutils",
        "pvutils",
        "tslib"
      ]
    },
    "punycode.js@2.3.1": {
      "integrity": "sha512-uxFIHU0YlHYhDQtV4R9J6a52SLx28BCjT+4ieh7IGbgwVJWO+km431c4yRlREUAsAmt/uMjQUyQHNEPf0M39CA=="
    },
    "pvtsutils@1.3.6": {
      "integrity": "sha512-PLgQXQ6H2FWCaeRak8vvk1GW462lMxB5s3Jm673N82zI4vqtVUPuZdffdZbPDFRoU8kAhItWFtPCWiPpp4/EDg==",
      "dependencies": [
        "tslib"
      ]
    },
    "pvutils@1.1.3": {
      "integrity": "sha512-pMpnA0qRdFp32b1sJl1wOJNxZLQ2cbQx+k6tjNtZ8CpvVhNqEPRgivZ2WOUev2YMajecdH7ctUPDvEe87nariQ=="
    },
    "rdf-canonize@3.4.0": {
      "integrity": "sha512-fUeWjrkOO0t1rg7B2fdyDTvngj+9RlUyL92vOdiB7c0FPguWVsniIMjEtHH+meLBO9rzkUlUzBVXgWrjI8P9LA==",
      "dependencies": [
        "setimmediate"
      ]
    },
    "setimmediate@1.0.5": {
      "integrity": "sha512-MATJdZp8sLqDl/68LfQmbP8zKPLQNV6BIZoIgrscFDQ+RsvK/BxeDQOgyxKKoh0y/8h3BqVFnCqQ/gd+reiIXA=="
    },
    "tslib@2.8.1": {
      "integrity": "sha512-oJFu94HQb+KVduSUQL7wnpmqnfmLsOA/nAh6b6EH0wCEoK0/mPeXU6c3wKDV83MkOuHPRHtSXKKU99IBazS/2w=="
    },
    "uc.micro@2.1.0": {
      "integrity": "sha512-ARDJmphmdvUk6Glw7y9DQ2bFkKBHwQHLi2lsaH6PPmz/Ka9sFOBsBluozhDltWmnv9u/cF6Rt87znRTPV+yp/A=="
    },
    "uint8arrays@3.1.1": {
      "integrity": "sha512-+QJa8QRnbdXVpHYjLoTpJIdCTiw9Ir62nocClWuXIq2JIh4Uta0cQsTSpFL678p2CN8B+XSApwcU+pQEqVpKWg==",
      "dependencies": [
        "multiformats"
      ]
    },
    "undici@5.29.0": {
      "integrity": "sha512-raqeBD6NQK4SkWhQzeYKd1KmIG6dllBOTt55Rmkt4HtI9mwdWtJljnrXjAFUBLTSN67HWrOIZ3EPF4kjUw80Bg==",
      "dependencies": [
        "@fastify/busboy"
      ]
    },
    "uri-template-router@0.0.17": {
      "integrity": "sha512-5h2I/eSN+XFRAFaSR72KTFWg5rf8GB6Ur5+yWHjtwEqmn6cfZqoWsoWTh6NhxW8pIlFq144G2J23OCg3CeAaSg=="
    },
    "url-template@3.1.1": {
      "integrity": "sha512-4oszoaEKE/mQOtAmdMWqIRHmkxWkUZMnXFnjQ5i01CuRSK3uluxcH1MRVVVWmhlnzT1SCDfKxxficm2G37qzCA=="
    },
    "varint@6.0.0": {
      "integrity": "sha512-cXEIW6cfr15lFv563k4GuVuW/fiwjknytD37jIOLSdSWuOI6WnO/oKwmP2FQTU2l01LP8/M5TSAJpzUaGe3uWg=="
    },
    "web-streams-polyfill@3.3.3": {
      "integrity": "sha512-d2JWLCivmZYTSIoge9MsgFCZrt571BikcWGYkjC1khllbTeDlGqZ2D8vD8E/lJa8WGWbb7Plm8/XJYV7IJHZZw=="
    },
    "xss@1.0.15": {
      "integrity": "sha512-FVdlVVC67WOIPvfOwhoMETV72f6GbW7aOabBC3WxN/oUdoEMDyLz4OgRv5/gck2ZeNqEQu+Tb0kloovXOfpYVg==",
      "dependencies": [
        "commander",
        "cssfilter"
      ]
    },
    "yallist@4.0.0": {
      "integrity": "sha512-3wdGidZyq5PB084XLES5TpOSRA3wjXAlIWMhum2kRcv/41Sn2emQ0dycQW4uZXLejwKvg6EsvbdlVL+FYEct7A=="
    }
  },
  "redirects": {
    "https://deno.land/x/rss/mod.ts": "https://deno.land/x/rss@1.1.2/mod.ts",
    "https://deno.land/x/sqlite/mod.ts": "https://deno.land/x/sqlite@v3.9.1/mod.ts"
  },
  "remote": {
    "https://deno.land/x/rss@1.1.2/deps.ts": "24c068a645f2af4e56c2fac530254446ce357b03e994a4dff9826820c09e00fd",
    "https://deno.land/x/rss@1.1.2/mod.ts": "95cfd02a4326a8f3516b16fcd30a8448e96c0f6c05b9f86cac57f021e4032983",
    "https://deno.land/x/rss@1.1.2/src/deserializer.ts": "bdd109f11983d4544e68ec997e0589f010e6bb81275472d7bd32bbdf0ec9a624",
    "https://deno.land/x/rss@1.1.2/src/mappers/mapper.ts": "b7589010b90cf053fcb8681b099de2a39483f66560a01a198c7572b103c57622",
    "https://deno.land/x/rss@1.1.2/src/mappers/media_mapper.ts": "aeaa9f0c86bd69515069cb15b5be4762ebca1e24eb175a03098086796bc25248",
    "https://deno.land/x/rss@1.1.2/src/resolvers/atom_resolver.ts": "a8dee15079be1cb591a345c93189c4c0a9d66ef78665c3f3dc0424af0293c227",
    "https://deno.land/x/rss@1.1.2/src/resolvers/dublin_core_resolver.ts": "aca2b6f7d0b5ad4571b25b25ae19103ed333ebd2ff511d0977a07f42856497d4",
    "https://deno.land/x/rss@1.1.2/src/resolvers/media_rss_resolver.ts": "5135310ff4f173d294f496d11c99d5c9806ddf96e02986c0e3b70ccbf8b260ab",
    "https://deno.land/x/rss@1.1.2/src/resolvers/rss1_resolver.ts": "52de61df37f29f2574cfe52f44171b0c2a83211944f62896a6774be36edc5c46",
    "https://deno.land/x/rss@1.1.2/src/resolvers/rss2_resolver.ts": "543ddaf6df3ff27d8f89a9253a6b18f7287839d8b65465bda5839152f075923f",
    "https://deno.land/x/rss@1.1.2/src/resolvers/slash_resolver.ts": "468167c5a0e6df0baabe75000133087919a7edcfc804486c2512978f78bd5123",
    "https://deno.land/x/rss@1.1.2/src/resolvers/types/resolver_result.ts": "c0b211a60e799da35911aa8e6a4e882b2282261db00f94288fdc353054bd55b3",
    "https://deno.land/x/rss@1.1.2/src/types/atom.ts": "49726f13bce85e829cbcddff038652a8bc8c55279d8b07194a6b088035168a59",
    "https://deno.land/x/rss@1.1.2/src/types/deserialization_result.ts": "4f1c7a44c8c508fca4ce1558c73626ed2505140d85824208bc6512736f48aef7",
    "https://deno.land/x/rss@1.1.2/src/types/dublin_core.ts": "3593c2dc780a948d14e7d1da64ce18060a06035d249af6273dcb7abe1b124459",
    "https://deno.land/x/rss@1.1.2/src/types/feed.ts": "cd8309673290e7056133f2aa78b8b8b8e0868f471466c468eb3a249479c338de",
    "https://deno.land/x/rss@1.1.2/src/types/feed_type.ts": "b2098f23982be344a19f00915437550d1e4002fb653ac9e34455a90119ee4e6c",
    "https://deno.land/x/rss@1.1.2/src/types/fields/atom_fields.ts": "85bf1a4b3e917baa3c94f3fba8283b678d5a10e78a16c42cfa19b2ee0bf210b3",
    "https://deno.land/x/rss@1.1.2/src/types/fields/dublin_core_fields.ts": "fd6b7e5b660a4f99cabb7a62ae91ab48579de340e57c8dd7ad62c992e64c1644",
    "https://deno.land/x/rss@1.1.2/src/types/fields/media_rss_fields.ts": "076b1e23b6ca99002ffb13e5859164acdf45617aea90440acc75fb28f3aa00b4",
    "https://deno.land/x/rss@1.1.2/src/types/fields/rss1_fields.ts": "04da9ca7d3fe2b59626c6b3bd18bfd41bf1b1531bc33f2d4f420f10da4e84f7e",
    "https://deno.land/x/rss@1.1.2/src/types/fields/rss2_fields.ts": "c5041472e42cdf04e9f6b2e6e2e334b016aff40524c9a4a4f2c3a5875f9508ea",
    "https://deno.land/x/rss@1.1.2/src/types/fields/slash_fields.ts": "11a1cf81744fe3b2bddbcf3a3ce6f86406d250198ef8c41e6fa58dd652e2e466",
    "https://deno.land/x/rss@1.1.2/src/types/internal/internal_atom.ts": "71427068e4716e11d4af7ee49d06000c5ad8e7bed91395661285c025a9964d53",
    "https://deno.land/x/rss@1.1.2/src/types/internal/internal_dublin_core.ts": "8b25fd4e4d296068c78da9dafb5af43cf58e2202d236a636068395722119309a",
    "https://deno.land/x/rss@1.1.2/src/types/internal/internal_media_rss.ts": "9dc16a181e9c202d2f69a458dfe452875176f0d118ed32d8fafd4733f074a967",
    "https://deno.land/x/rss@1.1.2/src/types/internal/internal_rss1.ts": "844a931f74950bf50415758f236ed9b7df8a9d9996326582365d721378794974",
    "https://deno.land/x/rss@1.1.2/src/types/internal/internal_rss2.ts": "61af292bd7292a9a6066aa7936809b5291e5a06e2d5d1f14ba6232ae761a288a",
    "https://deno.land/x/rss@1.1.2/src/types/json_feed.ts": "9c1ca23c484166d9e3eb17aa1f0070b2edbd7205c045e5f10e5035e6991bb62d",
    "https://deno.land/x/rss@1.1.2/src/types/media_rss.ts": "ff975e5f6f71291c904caf86b9f0b033f946dd6969f8e184ef031b93981a0c15",
    "https://deno.land/x/rss@1.1.2/src/types/open_tag.ts": "89bc7d8c972bdd184dc9b784e8ec04114ba6bc04da33567f814cf1b295fe942d",
    "https://deno.land/x/rss@1.1.2/src/types/rss1.ts": "30335c0ec9c02e5ebb0ffbe5d8341a23b9c261cd85a7a7780bb6f9523fe406f9",
    "https://deno.land/x/rss@1.1.2/src/types/rss2.ts": "e71052107ea616cbd74e2c2e3c2f0c42680a97ec9ce2edfd6f440ab98ff89581",
    "https://deno.land/x/rss@1.1.2/src/types/slash.ts": "2683b96e783146bb5b63ad487702be35f2d721129851aa09caa2ec73a4027a25",
    "https://deno.land/x/rss@1.1.2/src/types/value_field.ts": "27bf4039789ad4fc2044137de736651d0e416dfd461e8dda9b0800cc735900d3",
    "https://deno.land/x/rss@1.1.2/src/util.ts": "65e8200cdb00666b441883358e178b2a86a76ae5544d27c2297181075ca13f4b",
    "https://deno.land/x/sqlite@v3.9.1/build/sqlite.js": "2afc7875c7b9c85d89730c4a311ab3a304e5d1bf761fbadd8c07bbdf130f5f9b",
    "https://deno.land/x/sqlite@v3.9.1/build/vfs.js": "7f7778a9fe499cd10738d6e43867340b50b67d3e39142b0065acd51a84cd2e03",
    "https://deno.land/x/sqlite@v3.9.1/mod.ts": "e09fc79d8065fe222578114b109b1fd60077bff1bb75448532077f784f4d6a83",
    "https://deno.land/x/sqlite@v3.9.1/src/constants.ts": "90f3be047ec0a89bcb5d6fc30db121685fc82cb00b1c476124ff47a4b0472aa9",
    "https://deno.land/x/sqlite@v3.9.1/src/db.ts": "03d0c860957496eadedd86e51a6e650670764630e64f56df0092e86c90752401",
    "https://deno.land/x/sqlite@v3.9.1/src/error.ts": "f7a15cb00d7c3797da1aefee3cf86d23e0ae92e73f0ba3165496c3816ab9503a",
    "https://deno.land/x/sqlite@v3.9.1/src/function.ts": "bc778cab7a6d771f690afa27264c524d22fcb96f1bb61959ade7922c15a4ab8d",
    "https://deno.land/x/sqlite@v3.9.1/src/query.ts": "d58abda928f6582d77bad685ecf551b1be8a15e8e38403e293ec38522e030cad",
    "https://deno.land/x/sqlite@v3.9.1/src/wasm.ts": "e79d0baa6e42423257fb3c7cc98091c54399254867e0f34a09b5bdef37bd9487"
  },
  "workspace": {
    "dependencies": [
      "jsr:@fedify/botkit@~0.1.1",
      "jsr:@fedify/fedify@^1.5.0"
    ]
  }
}
